
Microsoft Visual Studio Solution File, Format Version 12.00
# Visual Studio 2012
Project("{FAE04EC0-301F-11D3-BF4B-00C04F79EFBC}") = "EveShopping.Logica", "EveShopping.Logica\EveShopping.Logica.csproj", "{43FF78F1-F8A1-457E-B2CC-AFF73F1C58D8}"
EndProject
Project("{FAE04EC0-301F-11D3-BF4B-00C04F79EFBC}") = "EveShopping.Modelo", "EveShopping.Modelo\EveShopping.Modelo.csproj", "{0850A85E-C6C0-439E-83A7-C88A720E9285}"
EndProject
Project("{FAE04EC0-301F-11D3-BF4B-00C04F79EFBC}") = "EveShopping.Logica.UnitTest", "EveShopping.Modelo.UnitTest\EveShopping.Logica.UnitTest.csproj", "{35020019-E1A6-4166-B9DD-6779BF0326CD}"
EndProject
Project("{FAE04EC0-301F-11D3-BF4B-00C04F79EFBC}") = "EveShopping.ModeloCompleto", "EveShopping.ModeloCompleto\EveShopping.ModeloCompleto.csproj", "{927152F6-36F7-45C2-BAFE-AB7E68D19507}"
EndProject
Project("{FAE04EC0-301F-11D3-BF4B-00C04F79EFBC}") = "EveShopping.Repositorios", "EveShopping.Repositorios\EveShopping.Repositorios.csproj", "{EB30C6A5-04CA-406E-BB1F-9FAD927B3F89}"
EndProject
Project("{FAE04EC0-301F-11D3-BF4B-00C04F79EFBC}") = "EveShopping", "EveShopping\EveShopping.csproj", "{4225FE0E-5DDC-4A33-BE29-467B530A4814}"
EndProject
Project("{FAE04EC0-301F-11D3-BF4B-00C04F79EFBC}") = "EveShopping.Tests", "EveShopping.Tests\EveShopping.Tests.csproj", "{743A7DDD-63A6-41F6-83ED-26309A1E6FEC}"
EndProject
Global
	GlobalSection(SolutionConfigurationPlatforms) = preSolution
		Debug|Any CPU = Debug|Any CPU
		Release|Any CPU = Release|Any CPU
	EndGlobalSection
	GlobalSection(ProjectConfigurationPlatforms) = postSolution
		{43FF78F1-F8A1-457E-B2CC-AFF73F1C58D8}.Debug|Any CPU.ActiveCfg = Debug|Any CPU
		{43FF78F1-F8A1-457E-B2CC-AFF73F1C58D8}.Debug|Any CPU.Build.0 = Debug|Any CPU
		{43FF78F1-F8A1-457E-B2CC-AFF73F1C58D8}.Release|Any CPU.ActiveCfg = Release|Any CPU
		{43FF78F1-F8A1-457E-B2CC-AFF73F1C58D8}.Release|Any CPU.Build.0 = Release|Any CPU
		{0850A85E-C6C0-439E-83A7-C88A720E9285}.Debug|Any CPU.ActiveCfg = Debug|Any CPU
		{0850A85E-C6C0-439E-83A7-C88A720E9285}.Debug|Any CPU.Build.0 = Debug|Any CPU
		{0850A85E-C6C0-439E-83A7-C88A720E9285}.Release|Any CPU.ActiveCfg = Release|Any CPU
		{0850A85E-C6C0-439E-83A7-C88A720E9285}.Release|Any CPU.Build.0 = Release|Any CPU
		{35020019-E1A6-4166-B9DD-6779BF0326CD}.Debug|Any CPU.ActiveCfg = Debug|Any CPU
		{35020019-E1A6-4166-B9DD-6779BF0326CD}.Debug|Any CPU.Build.0 = Debug|Any CPU
		{35020019-E1A6-4166-B9DD-6779BF0326CD}.Release|Any CPU.ActiveCfg = Release|Any CPU
		{35020019-E1A6-4166-B9DD-6779BF0326CD}.Release|Any CPU.Build.0 = Release|Any CPU
		{927152F6-36F7-45C2-BAFE-AB7E68D19507}.Debug|Any CPU.ActiveCfg = Debug|Any CPU
		{927152F6-36F7-45C2-BAFE-AB7E68D19507}.Debug|Any CPU.Build.0 = Debug|Any CPU
		{927152F6-36F7-45C2-BAFE-AB7E68D19507}.Release|Any CPU.ActiveCfg = Release|Any CPU
		{927152F6-36F7-45C2-BAFE-AB7E68D19507}.Release|Any CPU.Build.0 = Release|Any CPU
		{EB30C6A5-04CA-406E-BB1F-9FAD927B3F89}.Debug|Any CPU.ActiveCfg = Debug|Any CPU
		{EB30C6A5-04CA-406E-BB1F-9FAD927B3F89}.Debug|Any CPU.Build.0 = Debug|Any CPU
		{EB30C6A5-04CA-406E-BB1F-9FAD927B3F89}.Release|Any CPU.ActiveCfg = Release|Any CPU
		{EB30C6A5-04CA-406E-BB1F-9FAD927B3F89}.Release|Any CPU.Build.0 = Release|Any CPU
		{4225FE0E-5DDC-4A33-BE29-467B530A4814}.Debug|Any CPU.ActiveCfg = Debug|Any CPU
		{4225FE0E-5DDC-4A33-BE29-467B530A4814}.Debug|Any CPU.Build.0 = Debug|Any CPU
		{4225FE0E-5DDC-4A33-BE29-467B530A4814}.Release|Any CPU.ActiveCfg = Release|Any CPU
		{4225FE0E-5DDC-4A33-BE29-467B530A4814}.Release|Any CPU.Build.0 = Release|Any CPU
		{743A7DDD-63A6-41F6-83ED-26309A1E6FEC}.Debug|Any CPU.ActiveCfg = Debug|Any CPU
		{743A7DDD-63A6-41F6-83ED-26309A1E6FEC}.Debug|Any CPU.Build.0 = Debug|Any CPU
		{743A7DDD-63A6-41F6-83ED-26309A1E6FEC}.Release|Any CPU.ActiveCfg = Release|Any CPU
		{743A7DDD-63A6-41F6-83ED-26309A1E6FEC}.Release|Any CPU.Build.0 = Release|Any CPU
	EndGlobalSection
	GlobalSection(SolutionProperties) = preSolution
		HideSolutionNode = FALSE
	EndGlobalSection
EndGlobal
